lockfileVersion: '9.0'

settings:
  autoInstallPeers: true
  excludeLinksFromLockfile: false

importers:

  .:
    devDependencies:
      '@tauri-apps/cli':
        specifier: '>=2.0.0-beta.0'
        version: 2.0.0-beta.19

packages:

  '@tauri-apps/cli-darwin-arm64@2.0.0-beta.19':
    resolution: {integrity: sha512-c4KvyBnQ5C/P3oAyO7WZ71xYxW8yMwDe3I4Ik3Uz6+AXZ2k3xPx19VuxCgTJdJCkxtLvhAGu9Q2IZQuuDoGTsg==}
    engines: {node: '>= 10'}
    cpu: [arm64]
    os: [darwin]

  '@tauri-apps/cli-darwin-x64@2.0.0-beta.19':
    resolution: {integrity: sha512-t7rzloJwzgNXm82/w97Tq3RcvX7XmRcaxnu8ujV5SrREFxzLNRpkyzzr/vVthV7FZjKGcQf5QmJ3XeGXUfkCfQ==}
    engines: {node: '>= 10'}
    cpu: [x64]
    os: [darwin]

  '@tauri-apps/cli-linux-arm-gnueabihf@2.0.0-beta.19':
    resolution: {integrity: sha512-ZnM596ltSUNeBKH9rMGm1Ch1lCaeb1rW79nP1E6REuu1iOBpVAdkporaMWE7JSpkBZmSZdSuVDRhrMDuG7Uc6A==}
    engines: {node: '>= 10'}
    cpu: [arm]
    os: [linux]

  '@tauri-apps/cli-linux-arm64-gnu@2.0.0-beta.19':
    resolution: {integrity: sha512-xHAFx+6EqEKLQMrqQPwnzhygA2b/nn0b7pLF48YBvkDj3KLOmv5cC+K34f2l0KIaLB8B/oVFAQKsfet4XLew+w==}
    engines: {node: '>= 10'}
    cpu: [arm64]
    os: [linux]

  '@tauri-apps/cli-linux-arm64-musl@2.0.0-beta.19':
    resolution: {integrity: sha512-ySRYhIfNDt/VXCycVt7d/dMBXf7L9iWf0SwynZ2nvJU/MaHIfJUgV68/l3RTRooYOCkYN4v/RRcGFD3wRmtE5g==}
    engines: {node: '>= 10'}
    cpu: [arm64]
    os: [linux]

  '@tauri-apps/cli-linux-x64-gnu@2.0.0-beta.19':
    resolution: {integrity: sha512-GEySXBulHQfGr3xuuv2ShnUrQtrWn3ynUtftoMiJNlpa1RTLfzglbUdA7zXag65E8h2jATVYnC/n8/sE5jtSHw==}
    engines: {node: '>= 10'}
    cpu: [x64]
    os: [linux]

  '@tauri-apps/cli-linux-x64-musl@2.0.0-beta.19':
    resolution: {integrity: sha512-gz1x/7EhpMcIhUvR7RhG3D+dwUnXF+MIxPoiuDAKzQAj3i6qacZJvwxyRcpVQ6HaUDpmtaHz0AKpWIMmIFL90g==}
    engines: {node: '>= 10'}
    cpu: [x64]
    os: [linux]

  '@tauri-apps/cli-win32-arm64-msvc@2.0.0-beta.19':
    resolution: {integrity: sha512-Zz/UwU+7QQbz9lu9cpLzX/fCgmBG1lX+K5O97kTJVcqgBiS0zUc5q1efYr7ex4c6NLVP7uaUK3IKwctBy2MvEA==}
    engines: {node: '>= 10'}
    cpu: [arm64]
    os: [win32]

  '@tauri-apps/cli-win32-ia32-msvc@2.0.0-beta.19':
    resolution: {integrity: sha512-fdT/u8I31PryeqULgzzUV+bYAlgt9WStJaZWt1/hMDffB9VViL3gO7V67mtNUEhBUMaX/SqItwklbJyy3TKXXg==}
    engines: {node: '>= 10'}
    cpu: [ia32]
    os: [win32]

  '@tauri-apps/cli-win32-x64-msvc@2.0.0-beta.19':
    resolution: {integrity: sha512-EHTi4D95mTmPC/MqWU5mBGhwZ0i82iVKEAAGaKDNdwYzibmioeANCzsD8eeyuU0kCE5BCWBYpA+2epGQnfDjMg==}
    engines: {node: '>= 10'}
    cpu: [x64]
    os: [win32]

  '@tauri-apps/cli@2.0.0-beta.19':
    resolution: {integrity: sha512-IHbgyUpnXY5ZEenQUz2Gce7w1Xl1BgLR6Jyf6SN0VbUVr9qJdSRPN7/FK+4JQFt2DC9076NVYTQFLOt03KNbwA==}
    engines: {node: '>= 10'}
    hasBin: true

snapshots:

  '@tauri-apps/cli-darwin-arm64@2.0.0-beta.19':
    optional: true

  '@tauri-apps/cli-darwin-x64@2.0.0-beta.19':
    optional: true

  '@tauri-apps/cli-linux-arm-gnueabihf@2.0.0-beta.19':
    optional: true

  '@tauri-apps/cli-linux-arm64-gnu@2.0.0-beta.19':
    optional: true

  '@tauri-apps/cli-linux-arm64-musl@2.0.0-beta.19':
    optional: true

  '@tauri-apps/cli-linux-x64-gnu@2.0.0-beta.19':
    optional: true

  '@tauri-apps/cli-linux-x64-musl@2.0.0-beta.19':
    optional: true

  '@tauri-apps/cli-win32-arm64-msvc@2.0.0-beta.19':
    optional: true

  '@tauri-apps/cli-win32-ia32-msvc@2.0.0-beta.19':
    optional: true

  '@tauri-apps/cli-win32-x64-msvc@2.0.0-beta.19':
    optional: true

  '@tauri-apps/cli@2.0.0-beta.19':
    optionalDependencies:
      '@tauri-apps/cli-darwin-arm64': 2.0.0-beta.19
      '@tauri-apps/cli-darwin-x64': 2.0.0-beta.19
      '@tauri-apps/cli-linux-arm-gnueabihf': 2.0.0-beta.19
      '@tauri-apps/cli-linux-arm64-gnu': 2.0.0-beta.19
      '@tauri-apps/cli-linux-arm64-musl': 2.0.0-beta.19
      '@tauri-apps/cli-linux-x64-gnu': 2.0.0-beta.19
      '@tauri-apps/cli-linux-x64-musl': 2.0.0-beta.19
      '@tauri-apps/cli-win32-arm64-msvc': 2.0.0-beta.19
      '@tauri-apps/cli-win32-ia32-msvc': 2.0.0-beta.19
      '@tauri-apps/cli-win32-x64-msvc': 2.0.0-beta.19
